<?xml version="1.0" encoding="utf-8"?>
<Project ToolsVersion="4.0" xmlns="http://schemas.microsoft.com/developer/msbuild/2003">
  <ItemGroup>
    <Filter Include="core">
      <UniqueIdentifier>{c0852f53-84e0-4865-ae9c-6693aa02bcc8}</UniqueIdentifier>
    </Filter>
    <Filter Include="ctrl_lib">
      <UniqueIdentifier>{aaf97968-b0a0-48ba-bbec-da74974ad789}</UniqueIdentifier>
    </Filter>
    <Filter Include="ctrl_lib\button">
      <UniqueIdentifier>{a718d219-9ba5-4a51-ba6f-d3cef5cb41bf}</UniqueIdentifier>
    </Filter>
  </ItemGroup>
  <ItemGroup>
    <ClInclude Include="$(MSBuildThisFileDirectory)core\_auto_ptr.hpp">
      <Filter>core</Filter>
    </ClInclude>
    <ClInclude Include="$(MSBuildThisFileDirectory)core\_property.hpp">
      <Filter>core</Filter>
    </ClInclude>
    <ClInclude Include="$(MSBuildThisFileDirectory)core\GeneralAttributes.hpp">
      <Filter>core</Filter>
    </ClInclude>
    <ClInclude Include="$(MSBuildThisFileDirectory)core\BaseWindow.hpp">
      <Filter>core</Filter>
    </ClInclude>
    <ClInclude Include="$(MSBuildThisFileDirectory)core\Framework.hpp">
      <Filter>core</Filter>
    </ClInclude>
    <ClInclude Include="$(MSBuildThisFileDirectory)core\WindowAPI.hpp">
      <Filter>core</Filter>
    </ClInclude>
    <ClInclude Include="$(MSBuildThisFileDirectory)ctrl_lib\Winform.hpp">
      <Filter>ctrl_lib</Filter>
    </ClInclude>
    <ClInclude Include="$(MSBuildThisFileDirectory)core\Alignment.hpp">
      <Filter>core</Filter>
    </ClInclude>
    <ClInclude Include="$(MSBuildThisFileDirectory)ctrl_lib\TextBox.hpp">
      <Filter>ctrl_lib</Filter>
    </ClInclude>
    <ClInclude Include="$(MSBuildThisFileDirectory)core\BaseControl.hpp">
      <Filter>core</Filter>
    </ClInclude>
    <ClInclude Include="$(MSBuildThisFileDirectory)core\WStr.hpp">
      <Filter>core</Filter>
    </ClInclude>
    <ClInclude Include="$(MSBuildThisFileDirectory)ctrl_lib\ProgressBar.hpp">
      <Filter>ctrl_lib</Filter>
    </ClInclude>
    <ClInclude Include="$(MSBuildThisFileDirectory)ctrl_lib\ScrollBar.hpp">
      <Filter>ctrl_lib</Filter>
    </ClInclude>
    <ClInclude Include="$(MSBuildThisFileDirectory)ctrl_lib\button\3StateButton.hpp">
      <Filter>ctrl_lib\button</Filter>
    </ClInclude>
    <ClInclude Include="$(MSBuildThisFileDirectory)ctrl_lib\button\BaseButton.hpp">
      <Filter>ctrl_lib\button</Filter>
    </ClInclude>
    <ClInclude Include="$(MSBuildThisFileDirectory)ctrl_lib\button\CheckBox.hpp">
      <Filter>ctrl_lib\button</Filter>
    </ClInclude>
    <ClInclude Include="$(MSBuildThisFileDirectory)ctrl_lib\button\CommandLink.hpp">
      <Filter>ctrl_lib\button</Filter>
    </ClInclude>
    <ClInclude Include="$(MSBuildThisFileDirectory)ctrl_lib\button\GroupBox.hpp">
      <Filter>ctrl_lib\button</Filter>
    </ClInclude>
    <ClInclude Include="$(MSBuildThisFileDirectory)ctrl_lib\button\PushButton.hpp">
      <Filter>ctrl_lib\button</Filter>
    </ClInclude>
    <ClInclude Include="$(MSBuildThisFileDirectory)ctrl_lib\button\RadioButton.hpp">
      <Filter>ctrl_lib\button</Filter>
    </ClInclude>
    <ClInclude Include="$(MSBuildThisFileDirectory)ctrl_lib\button\SplitButton.hpp">
      <Filter>ctrl_lib\button</Filter>
    </ClInclude>
    <ClInclude Include="$(MSBuildThisFileDirectory)ctrl_lib\ComboBox.hpp">
      <Filter>ctrl_lib</Filter>
    </ClInclude>
    <ClInclude Include="$(MSBuildThisFileDirectory)ctrl_lib\ComboBoxEx.hpp">
      <Filter>ctrl_lib</Filter>
    </ClInclude>
    <ClInclude Include="$(MSBuildThisFileDirectory)ctrl_lib\EditBox.hpp">
      <Filter>ctrl_lib</Filter>
    </ClInclude>
    <ClInclude Include="$(MSBuildThisFileDirectory)ctrl_lib\ListBox.hpp">
      <Filter>ctrl_lib</Filter>
    </ClInclude>
  </ItemGroup>
  <ItemGroup>
    <Manifest Include="$(MSBuildThisFileDirectory)core\WGUI.manifest">
      <Filter>core</Filter>
    </Manifest>
  </ItemGroup>
</Project>